
Microsoft Visual Studio Solution File, Format Version 12.00
# Visual Studio 15
VisualStudioVersion = 15.0.28307.705
MinimumVisualStudioVersion = 10.0.40219.1
Project("{9A19103F-16F7-4668-BE54-9A1E7A4F7556}") = "HMSCC", "HMSCC\HMSCC.csproj", "{3F5FE463-C144-4F65-8D80-1A3C988CE48B}"
EndProject
Global
	GlobalSection(SolutionConfigurationPlatforms) = preSolution
		Debug|Any CPU = Debug|Any CPU
		Release|Any CPU = Release|Any CPU
	EndGlobalSection
	GlobalSection(ProjectConfigurationPlatforms) = postSolution
		{3F5FE463-C144-4F65-8D80-1A3C988CE48B}.Debug|Any CPU.ActiveCfg = Debug|Any CPU
		{3F5FE463-C144-4F65-8D80-1A3C988CE48B}.Debug|Any CPU.Build.0 = Debug|Any CPU
		{3F5FE463-C144-4F65-8D80-1A3C988CE48B}.Release|Any CPU.ActiveCfg = Release|Any CPU
		{3F5FE463-C144-4F65-8D80-1A3C988CE48B}.Release|Any CPU.Build.0 = Release|Any CPU
	EndGlobalSection
	GlobalSection(SolutionProperties) = preSolution
		HideSolutionNode = FALSE
	EndGlobalSection
	GlobalSection(ExtensibilityGlobals) = postSolution
		SolutionGuid = {BBC19712-695A-45D9-9F5D-63CAD67FD6F1}
	EndGlobalSection
EndGlobal
